
Microsoft Visual Studio Solution File, Format Version 12.00
# Visual Studio Version 17
VisualStudioVersion = 17.11.35327.3
MinimumVisualStudioVersion = 10.0.40219.1
Project("{FAE04EC0-301F-11D3-BF4B-00C04F79EFBC}") = "ClinicaStomatologicaPentruMedici", "ClinicaStomatologicaPentruMedici.csproj", "{C7A656E0-5F9E-406C-94C1-50BABAB364CA}"
EndProject
Global
	GlobalSection(SolutionConfigurationPlatforms) = preSolution
		Debug|Any CPU = Debug|Any CPU
		Release|Any CPU = Release|Any CPU
	EndGlobalSection
	GlobalSection(ProjectConfigurationPlatforms) = postSolution
		{C7A656E0-5F9E-406C-94C1-50BABAB364CA}.Debug|Any CPU.ActiveCfg = Debug|Any CPU
		{C7A656E0-5F9E-406C-94C1-50BABAB364CA}.Debug|Any CPU.Build.0 = Debug|Any CPU
		{C7A656E0-5F9E-406C-94C1-50BABAB364CA}.Release|Any CPU.ActiveCfg = Release|Any CPU
		{C7A656E0-5F9E-406C-94C1-50BABAB364CA}.Release|Any CPU.Build.0 = Release|Any CPU
	EndGlobalSection
	GlobalSection(SolutionProperties) = preSolution
		HideSolutionNode = FALSE
	EndGlobalSection
	GlobalSection(ExtensibilityGlobals) = postSolution
		SolutionGuid = {8568FA6F-6FEE-493B-853A-9E023CDBE662}
	EndGlobalSection
EndGlobal
